
Microsoft Visual Studio Solution File, Format Version 12.00
# Visual Studio Version 16
VisualStudioVersion = 16.0.31624.102
MinimumVisualStudioVersion = 10.0.40219.1
Project("{FAE04EC0-301F-11D3-BF4B-00C04F79EFBC}") = "Httpserver", "Httpserver\Httpserver.csproj", "{0031683A-1CEE-46B9-BE87-36B224D09A40}"
EndProject
Global
	GlobalSection(SolutionConfigurationPlatforms) = preSolution
		Debug|Any CPU = Debug|Any CPU
		Release|Any CPU = Release|Any CPU
	EndGlobalSection
	GlobalSection(ProjectConfigurationPlatforms) = postSolution
		{0031683A-1CEE-46B9-BE87-36B224D09A40}.Debug|Any CPU.ActiveCfg = Debug|Any CPU
		{0031683A-1CEE-46B9-BE87-36B224D09A40}.Debug|Any CPU.Build.0 = Debug|Any CPU
		{0031683A-1CEE-46B9-BE87-36B224D09A40}.Release|Any CPU.ActiveCfg = Release|Any CPU
		{0031683A-1CEE-46B9-BE87-36B224D09A40}.Release|Any CPU.Build.0 = Release|Any CPU
	EndGlobalSection
	GlobalSection(SolutionProperties) = preSolution
		HideSolutionNode = FALSE
	EndGlobalSection
	GlobalSection(ExtensibilityGlobals) = postSolution
		SolutionGuid = {5C6A88F2-09CB-46A1-81DD-4EA4E60C7FC9}
	EndGlobalSection
EndGlobal
